{
  "version": 4,
  "terraform_version": "1.1.7",
  "serial": 271,
  "lineage": "58cc321e-5ae6-9136-8e5f-8b681df659d1",
  "outputs": {
    "docker_ip_db": {
      "value": "172.19.0.2",
      "type": "string"
    },
    "docker_ip_php": {
      "value": "172.19.0.3",
      "type": "string"
    },
    "docker_volume": {
      "value": "/srv/php/",
      "type": "string"
    }
  },
  "resources": [
    {
      "module": "module.docker_install",
      "mode": "managed",
      "type": "null_resource",
      "name": "ssh_target",
      "provider": "provider[\"registry.terraform.io/hashicorp/null\"]",
      "instances": [
        {
          "schema_version": 0,
          "attributes": {
            "id": "240785625615243122",
            "triggers": null
          },
          "sensitive_attributes": [],
          "private": "bnVsbA=="
        }
      ]
    },
    {
      "module": "module.docker_php",
      "mode": "managed",
      "type": "docker_container",
      "name": "db",
      "provider": "module.docker_php.provider[\"registry.terraform.io/kreuzwerker/docker\"]",
      "instances": [
        {
          "schema_version": 2,
          "attributes": {
            "attach": false,
            "bridge": "",
            "capabilities": [],
            "command": [
              "mysqld"
            ],
            "container_logs": null,
            "cpu_set": "",
            "cpu_shares": 0,
            "destroy_grace_seconds": null,
            "devices": [],
            "dns": null,
            "dns_opts": null,
            "dns_search": null,
            "domainname": "",
            "entrypoint": [
              "docker-entrypoint.sh"
            ],
            "env": [
              "MYSQL_DATABASE=php",
              "MYSQL_PASSWORD=php",
              "MYSQL_ROOT_PASSWORD=php",
              "MYSQL_USER=php"
            ],
            "exit_code": null,
            "gateway": "172.19.0.1",
            "group_add": null,
            "healthcheck": null,
            "host": [],
            "hostname": "2f9cca5cd1d6",
            "id": "2f9cca5cd1d6de886fd6f9afd9a5f89e7afb79a5625272abd0ac493599a37931",
            "image": "sha256:11d8667108c29e3b7a0984860b9c262d6867b20084921c0108ee077a60ad4102",
            "init": false,
            "ip_address": "172.19.0.2",
            "ip_prefix_length": 16,
            "ipc_mode": "private",
            "labels": [],
            "links": null,
            "log_driver": "json-file",
            "log_opts": null,
            "logs": false,
            "max_retry_count": 0,
            "memory": 0,
            "memory_swap": 0,
            "mounts": [],
            "must_run": true,
            "name": "db",
            "network_alias": null,
            "network_data": [
              {
                "gateway": "172.19.0.1",
                "global_ipv6_address": "",
                "global_ipv6_prefix_length": 0,
                "ip_address": "172.19.0.2",
                "ip_prefix_length": 16,
                "ipv6_gateway": "",
                "network_name": "app_net"
              }
            ],
            "network_mode": "app_net",
            "networks": null,
            "networks_advanced": [
              {
                "aliases": [],
                "ipv4_address": "",
                "ipv6_address": "",
                "name": "app_net"
              }
            ],
            "pid_mode": "",
            "ports": [],
            "privileged": false,
            "publish_all_ports": false,
            "read_only": false,
            "remove_volumes": true,
            "restart": "always",
            "rm": false,
            "security_opts": [],
            "shm_size": 64,
            "start": true,
            "stdin_open": false,
            "storage_opts": null,
            "sysctls": null,
            "tmpfs": null,
            "tty": false,
            "ulimit": [],
            "upload": [],
            "user": "",
            "userns_mode": "",
            "volumes": [
              {
                "container_path": "/var/lib/mysql/",
                "from_container": "",
                "host_path": "/srv/php/",
                "read_only": null,
                "volume_name": "db_data"
              }
            ],
            "working_dir": ""
          },
          "sensitive_attributes": [],
          "private": "eyJzY2hlbWFfdmVyc2lvbiI6IjIifQ==",
          "dependencies": [
            "module.docker_php.docker_network.appnet"
          ]
        }
      ]
    },
    {
      "module": "module.docker_php",
      "mode": "managed",
      "type": "docker_container",
      "name": "php",
      "provider": "module.docker_php.provider[\"registry.terraform.io/kreuzwerker/docker\"]",
      "instances": [
        {
          "schema_version": 2,
          "attributes": {
            "attach": false,
            "bridge": "",
            "capabilities": [],
            "command": [
              "apache2-foreground"
            ],
            "container_logs": null,
            "cpu_set": "",
            "cpu_shares": 0,
            "destroy_grace_seconds": null,
            "devices": [],
            "dns": null,
            "dns_opts": null,
            "dns_search": null,
            "domainname": "",
            "entrypoint": [
              "docker-php-entrypoint"
            ],
            "env": [
              "MYSQL_DB=php",
              "MYSQL_HOST=php",
              "MYSQL_PASSWORD=php",
              "MYSQL_PORT=8080",
              "MYSQL_USER=php"
            ],
            "exit_code": null,
            "gateway": "172.19.0.1",
            "group_add": null,
            "healthcheck": null,
            "host": [],
            "hostname": "a43a84fb8a70",
            "id": "a43a84fb8a70790e9cedab5baa5b71408a313ed4ffb8d724bdea1570fcbc3b19",
            "image": "sha256:aac28059f0e64dee979e12943cea2041df329e8cab9034ffa646c8aed78d9750",
            "init": false,
            "ip_address": "172.19.0.3",
            "ip_prefix_length": 16,
            "ipc_mode": "private",
            "labels": [],
            "links": null,
            "log_driver": "json-file",
            "log_opts": null,
            "logs": false,
            "max_retry_count": 0,
            "memory": 0,
            "memory_swap": 0,
            "mounts": [],
            "must_run": true,
            "name": "php",
            "network_alias": null,
            "network_data": [
              {
                "gateway": "172.19.0.1",
                "global_ipv6_address": "",
                "global_ipv6_prefix_length": 0,
                "ip_address": "172.19.0.3",
                "ip_prefix_length": 16,
                "ipv6_gateway": "",
                "network_name": "app_net"
              }
            ],
            "network_mode": "default",
            "networks": null,
            "networks_advanced": [
              {
                "aliases": [],
                "ipv4_address": "",
                "ipv6_address": "",
                "name": "app_net"
              }
            ],
            "pid_mode": "",
            "ports": [
              {
                "external": 8080,
                "internal": 80,
                "ip": "0.0.0.0",
                "protocol": "tcp"
              }
            ],
            "privileged": false,
            "publish_all_ports": false,
            "read_only": false,
            "remove_volumes": true,
            "restart": "always",
            "rm": false,
            "security_opts": [],
            "shm_size": 64,
            "start": true,
            "stdin_open": false,
            "storage_opts": null,
            "sysctls": null,
            "tmpfs": null,
            "tty": false,
            "ulimit": [],
            "upload": [],
            "user": "",
            "userns_mode": "",
            "volumes": [],
            "working_dir": "/var/www/html"
          },
          "sensitive_attributes": [],
          "private": "eyJzY2hlbWFfdmVyc2lvbiI6IjIifQ==",
          "dependencies": [
            "module.docker_php.docker_network.appnet"
          ]
        }
      ]
    },
    {
      "module": "module.docker_php",
      "mode": "managed",
      "type": "docker_network",
      "name": "appnet",
      "provider": "module.docker_php.provider[\"registry.terraform.io/kreuzwerker/docker\"]",
      "instances": [
        {
          "schema_version": 1,
          "attributes": {
            "attachable": false,
            "check_duplicate": null,
            "driver": "bridge",
            "id": "fdafe7a3a63299288f31f98dd2da99fc470777fdec52a80ec666c930d1767787",
            "ingress": false,
            "internal": false,
            "ipam_config": [
              {
                "aux_address": {},
                "gateway": "172.19.0.1",
                "ip_range": "",
                "subnet": "172.19.0.0/16"
              }
            ],
            "ipam_driver": "default",
            "ipv6": false,
            "labels": [],
            "name": "app_net",
            "options": {},
            "scope": "local"
          },
          "sensitive_attributes": [],
          "private": "eyJzY2hlbWFfdmVyc2lvbiI6IjEifQ=="
        }
      ]
    },
    {
      "module": "module.docker_php",
      "mode": "managed",
      "type": "docker_volume",
      "name": "db_data",
      "provider": "module.docker_php.provider[\"registry.terraform.io/kreuzwerker/docker\"]",
      "instances": [
        {
          "schema_version": 1,
          "attributes": {
            "driver": "local",
            "driver_opts": {},
            "id": "db_data",
            "labels": [],
            "mountpoint": "/var/lib/docker/volumes/db_data/_data",
            "name": "db_data"
          },
          "sensitive_attributes": [],
          "private": "eyJzY2hlbWFfdmVyc2lvbiI6IjEifQ==",
          "dependencies": [
            "module.docker_php.null_resource.ssh_target"
          ]
        }
      ]
    },
    {
      "module": "module.docker_php",
      "mode": "managed",
      "type": "null_resource",
      "name": "ssh_target",
      "provider": "provider[\"registry.terraform.io/hashicorp/null\"]",
      "instances": [
        {
          "schema_version": 0,
          "attributes": {
            "id": "5836552052954217959",
            "triggers": null
          },
          "sensitive_attributes": [],
          "private": "bnVsbA=="
        }
      ]
    },
    {
      "module": "module.docker_run",
      "mode": "managed",
      "type": "docker_container",
      "name": "nginx",
      "provider": "module.docker_run.provider[\"registry.terraform.io/kreuzwerker/docker\"]",
      "instances": [
        {
          "schema_version": 2,
          "attributes": {
            "attach": false,
            "bridge": "",
            "capabilities": [],
            "command": [
              "nginx",
              "-g",
              "daemon off;"
            ],
            "container_logs": null,
            "cpu_set": "",
            "cpu_shares": 0,
            "destroy_grace_seconds": null,
            "devices": [],
            "dns": null,
            "dns_opts": null,
            "dns_search": null,
            "domainname": "",
            "entrypoint": [
              "/docker-entrypoint.sh"
            ],
            "env": [],
            "exit_code": null,
            "gateway": "172.18.0.1",
            "group_add": null,
            "healthcheck": null,
            "host": [],
            "hostname": "fb13aa26eec2",
            "id": "fb13aa26eec277252c546b65a6ab973df25493f61702bd87b67407398b08f5e7",
            "image": "sha256:c919045c4c2b0b0007c606e763ed2c830c7b1d038ce878a3c0d6f5b81e6ab80b",
            "init": false,
            "ip_address": "172.18.0.2",
            "ip_prefix_length": 16,
            "ipc_mode": "private",
            "labels": [],
            "links": null,
            "log_driver": "json-file",
            "log_opts": null,
            "logs": false,
            "max_retry_count": 0,
            "memory": 0,
            "memory_swap": 0,
            "mounts": [],
            "must_run": true,
            "name": "nginx",
            "network_alias": null,
            "network_data": [
              {
                "gateway": "172.18.0.1",
                "global_ipv6_address": "",
                "global_ipv6_prefix_length": 0,
                "ip_address": "172.18.0.2",
                "ip_prefix_length": 16,
                "ipv6_gateway": "",
                "network_name": "Nginx"
              }
            ],
            "network_mode": "default",
            "networks": null,
            "networks_advanced": [
              {
                "aliases": [],
                "ipv4_address": "",
                "ipv6_address": "",
                "name": "Nginx"
              }
            ],
            "pid_mode": "",
            "ports": [
              {
                "external": 81,
                "internal": 80,
                "ip": "0.0.0.0",
                "protocol": "tcp"
              }
            ],
            "privileged": false,
            "publish_all_ports": false,
            "read_only": false,
            "remove_volumes": true,
            "restart": "no",
            "rm": false,
            "security_opts": [],
            "shm_size": 64,
            "start": true,
            "stdin_open": false,
            "storage_opts": null,
            "sysctls": null,
            "tmpfs": null,
            "tty": false,
            "ulimit": [],
            "upload": [],
            "user": "",
            "userns_mode": "",
            "volumes": [],
            "working_dir": ""
          },
          "sensitive_attributes": [],
          "private": "eyJzY2hlbWFfdmVyc2lvbiI6IjIifQ==",
          "dependencies": [
            "module.docker_run.docker_image.nginx",
            "module.docker_run.docker_network.dockernet"
          ]
        }
      ]
    },
    {
      "module": "module.docker_run",
      "mode": "managed",
      "type": "docker_image",
      "name": "nginx",
      "provider": "module.docker_run.provider[\"registry.terraform.io/kreuzwerker/docker\"]",
      "instances": [
        {
          "schema_version": 0,
          "attributes": {
            "build": [],
            "force_remove": null,
            "id": "sha256:c919045c4c2b0b0007c606e763ed2c830c7b1d038ce878a3c0d6f5b81e6ab80bnginx:latest",
            "keep_locally": null,
            "latest": "sha256:c919045c4c2b0b0007c606e763ed2c830c7b1d038ce878a3c0d6f5b81e6ab80b",
            "name": "nginx:latest",
            "output": null,
            "pull_trigger": null,
            "pull_triggers": null,
            "repo_digest": "nginx@sha256:1c13bc6de5dfca749c377974146ac05256791ca2fe1979fc8e8278bf0121d285"
          },
          "sensitive_attributes": [],
          "private": "bnVsbA=="
        }
      ]
    },
    {
      "module": "module.docker_run",
      "mode": "managed",
      "type": "docker_network",
      "name": "dockernet",
      "provider": "module.docker_run.provider[\"registry.terraform.io/kreuzwerker/docker\"]",
      "instances": [
        {
          "schema_version": 1,
          "attributes": {
            "attachable": false,
            "check_duplicate": null,
            "driver": "bridge",
            "id": "e9480694644ec98df91850e9245bec631fe4ba66401624354b549898d8a4e252",
            "ingress": false,
            "internal": false,
            "ipam_config": [
              {
                "aux_address": {},
                "gateway": "172.18.0.1",
                "ip_range": "",
                "subnet": "172.18.0.0/16"
              }
            ],
            "ipam_driver": "default",
            "ipv6": false,
            "labels": [],
            "name": "Nginx",
            "options": {},
            "scope": "local"
          },
          "sensitive_attributes": [],
          "private": "eyJzY2hlbWFfdmVyc2lvbiI6IjEifQ=="
        }
      ]
    }
  ]
}
